
Microsoft Visual Studio Solution File, Format Version 12.00
# Visual Studio 15
VisualStudioVersion = 15.0.28307.539
MinimumVisualStudioVersion = 10.0.40219.1
Project("{888888A0-9F3D-457C-B088-3A5042F75D52}") = "TextBasedGame", "TextBasedGame\TextBasedGame.pyproj", "{3E14D4E2-371C-4084-8566-78FE028739ED}"
EndProject
Global
	GlobalSection(SolutionConfigurationPlatforms) = preSolution
		Debug|Any CPU = Debug|Any CPU
		Release|Any CPU = Release|Any CPU
	EndGlobalSection
	GlobalSection(ProjectConfigurationPlatforms) = postSolution
		{3E14D4E2-371C-4084-8566-78FE028739ED}.Debug|Any CPU.ActiveCfg = Debug|Any CPU
		{3E14D4E2-371C-4084-8566-78FE028739ED}.Release|Any CPU.ActiveCfg = Release|Any CPU
	EndGlobalSection
	GlobalSection(SolutionProperties) = preSolution
		HideSolutionNode = FALSE
	EndGlobalSection
	GlobalSection(ExtensibilityGlobals) = postSolution
		SolutionGuid = {EF85D5D0-396E-49B2-879E-1CFFC18E8B8F}
	EndGlobalSection
EndGlobal
